// !$*UTF8*$!
{
	archiveVersion = 1;
	classes = {
	};
	objectVersion = 46;
	objects = {

/* Begin PBXBuildFile section */
		5C1C4E761F46D5F000821B05 /* JSONTools.swift in Sources */ = {isa = PBXBuildFile; fileRef = 5C1C4E751F46D5F000821B05 /* JSONTools.swift */; };
		5C1C4E781F46E41F00821B05 /* BaseTableViewController.swift in Sources */ = {isa = PBXBuildFile; fileRef = 5C1C4E771F46E41F00821B05 /* BaseTableViewController.swift */; };
		5C63AD7E1F4A740300BB05A6 /* UserNotifications.framework in Frameworks */ = {isa = PBXBuildFile; fileRef = 5C63AD7D1F4A740300BB05A6 /* UserNotifications.framework */; };
		5C63AD801F4A741300BB05A6 /* libz.tbd in Frameworks */ = {isa = PBXBuildFile; fileRef = 5C63AD7F1F4A741300BB05A6 /* libz.tbd */; };
		5C63AD861F4A75D700BB05A6 /* libUMessage_Sdk_1.5.0a.a in Frameworks */ = {isa = PBXBuildFile; fileRef = 5C63AD841F4A75D700BB05A6 /* libUMessage_Sdk_1.5.0a.a */; };
		5C63AD881F4A76A200BB05A6 /* APPTools.swift in Sources */ = {isa = PBXBuildFile; fileRef = 5C63AD871F4A76A200BB05A6 /* APPTools.swift */; };
		5C63AD8A1F4A7A0600BB05A6 /* ConfigKey.json in Resources */ = {isa = PBXBuildFile; fileRef = 5C63AD891F4A7A0600BB05A6 /* ConfigKey.json */; };
		5C63AD8D1F4AAE5300BB05A6 /* TestTableViewController.swift in Sources */ = {isa = PBXBuildFile; fileRef = 5C63AD8C1F4AAE5300BB05A6 /* TestTableViewController.swift */; };
		5C63AD911F4AD98A00BB05A6 /* NSObject+extension.swift in Sources */ = {isa = PBXBuildFile; fileRef = 5C63AD901F4AD98A00BB05A6 /* NSObject+extension.swift */; };
		5C6EE8B81F467C0500C4CB94 /* Assets.xcassets in Resources */ = {isa = PBXBuildFile; fileRef = 5C6EE8B71F467C0500C4CB94 /* Assets.xcassets */; };
		5C6EE8BB1F467C0500C4CB94 /* LaunchScreen.storyboard in Resources */ = {isa = PBXBuildFile; fileRef = 5C6EE8B91F467C0500C4CB94 /* LaunchScreen.storyboard */; };
		5C6EE8D11F46827800C4CB94 /* AppDelegate.swift in Sources */ = {isa = PBXBuildFile; fileRef = 5C6EE8C81F46827800C4CB94 /* AppDelegate.swift */; };
		5C6EE8D51F4683EB00C4CB94 /* BaseTabBarController.swift in Sources */ = {isa = PBXBuildFile; fileRef = 5C6EE8D41F4683EB00C4CB94 /* BaseTabBarController.swift */; };
		5C6EE8DA1F46844400C4CB94 /* UIView+Extension.swift in Sources */ = {isa = PBXBuildFile; fileRef = 5C6EE8D71F46844400C4CB94 /* UIView+Extension.swift */; };
		5C6EE8DE1F46847E00C4CB94 /* BaseNavigationController.swift in Sources */ = {isa = PBXBuildFile; fileRef = 5C6EE8DD1F46847E00C4CB94 /* BaseNavigationController.swift */; };
		5C6EE8E01F46849D00C4CB94 /* BaseViewController.swift in Sources */ = {isa = PBXBuildFile; fileRef = 5C6EE8DF1F46849D00C4CB94 /* BaseViewController.swift */; };
		5C6EE8E21F4684C200C4CB94 /* TabBar.json in Resources */ = {isa = PBXBuildFile; fileRef = 5C6EE8E11F4684C200C4CB94 /* TabBar.json */; };
		5C6EE8E41F4684E200C4CB94 /* Bundle+extension.swift in Sources */ = {isa = PBXBuildFile; fileRef = 5C6EE8E31F4684E200C4CB94 /* Bundle+extension.swift */; };
		5C6EE8F51F4685C600C4CB94 /* HomeViewController.swift in Sources */ = {isa = PBXBuildFile; fileRef = 5C6EE8F41F4685C600C4CB94 /* HomeViewController.swift */; };
		5C6EE8F71F4685DA00C4CB94 /* MenuViewController.swift in Sources */ = {isa = PBXBuildFile; fileRef = 5C6EE8F61F4685DA00C4CB94 /* MenuViewController.swift */; };
		5C6EE8F91F4685E800C4CB94 /* MineViewController.swift in Sources */ = {isa = PBXBuildFile; fileRef = 5C6EE8F81F4685E800C4CB94 /* MineViewController.swift */; };
		5C6EE8FB1F46864F00C4CB94 /* UIColor+Extension.swift in Sources */ = {isa = PBXBuildFile; fileRef = 5C6EE8FA1F46864F00C4CB94 /* UIColor+Extension.swift */; };
		5C6EE8FD1F4688C300C4CB94 /* NetWorkTools.swift in Sources */ = {isa = PBXBuildFile; fileRef = 5C6EE8FC1F4688C300C4CB94 /* NetWorkTools.swift */; };
		5C6EE8FF1F469B3000C4CB94 /* libsqlite3.tbd in Frameworks */ = {isa = PBXBuildFile; fileRef = 5C6EE8FE1F469B3000C4CB94 /* libsqlite3.tbd */; };
		5C6EE9031F46BF6F00C4CB94 /* UIAlertController+extension.swift in Sources */ = {isa = PBXBuildFile; fileRef = 5C6EE9021F46BF6F00C4CB94 /* UIAlertController+extension.swift */; };
		996D9D6C2201B2000FAF77F4 /* Pods_BaseProject_Swift.framework in Frameworks */ = {isa = PBXBuildFile; fileRef = 6FA60C17FC7D401ECBA0EBC1 /* Pods_BaseProject_Swift.framework */; };
/* End PBXBuildFile section */

/* Begin PBXFileReference section */
		25B3BFF92C11C5ED205BB8CF /* Pods-BaseProject_Swift.debug.xcconfig */ = {isa = PBXFileReference; includeInIndex = 1; lastKnownFileType = text.xcconfig; name = "Pods-BaseProject_Swift.debug.xcconfig"; path = "Pods/Target Support Files/Pods-BaseProject_Swift/Pods-BaseProject_Swift.debug.xcconfig"; sourceTree = "<group>"; };
		5C1C4E751F46D5F000821B05 /* JSONTools.swift */ = {isa = PBXFileReference; fileEncoding = 4; lastKnownFileType = sourcecode.swift; path = JSONTools.swift; sourceTree = "<group>"; };
		5C1C4E771F46E41F00821B05 /* BaseTableViewController.swift */ = {isa = PBXFileReference; fileEncoding = 4; lastKnownFileType = sourcecode.swift; path = BaseTableViewController.swift; sourceTree = "<group>"; };
		5C63AD7C1F4A731B00BB05A6 /* BaseProject_Swift.entitlements */ = {isa = PBXFileReference; lastKnownFileType = text.plist.entitlements; path = BaseProject_Swift.entitlements; sourceTree = "<group>"; };
		5C63AD7D1F4A740300BB05A6 /* UserNotifications.framework */ = {isa = PBXFileReference; lastKnownFileType = wrapper.framework; name = UserNotifications.framework; path = System/Library/Frameworks/UserNotifications.framework; sourceTree = SDKROOT; };
		5C63AD7F1F4A741300BB05A6 /* libz.tbd */ = {isa = PBXFileReference; lastKnownFileType = "sourcecode.text-based-dylib-definition"; name = libz.tbd; path = usr/lib/libz.tbd; sourceTree = SDKROOT; };
		5C63AD841F4A75D700BB05A6 /* libUMessage_Sdk_1.5.0a.a */ = {isa = PBXFileReference; lastKnownFileType = archive.ar; path = libUMessage_Sdk_1.5.0a.a; sourceTree = "<group>"; };
		5C63AD851F4A75D700BB05A6 /* UMessage.h */ = {isa = PBXFileReference; fileEncoding = 4; lastKnownFileType = sourcecode.c.h; path = UMessage.h; sourceTree = "<group>"; };
		5C63AD871F4A76A200BB05A6 /* APPTools.swift */ = {isa = PBXFileReference; fileEncoding = 4; lastKnownFileType = sourcecode.swift; path = APPTools.swift; sourceTree = "<group>"; };
		5C63AD891F4A7A0600BB05A6 /* ConfigKey.json */ = {isa = PBXFileReference; fileEncoding = 4; lastKnownFileType = text.json; path = ConfigKey.json; sourceTree = "<group>"; };
		5C63AD8C1F4AAE5300BB05A6 /* TestTableViewController.swift */ = {isa = PBXFileReference; fileEncoding = 4; lastKnownFileType = sourcecode.swift; path = TestTableViewController.swift; sourceTree = "<group>"; };
		5C63AD901F4AD98A00BB05A6 /* NSObject+extension.swift */ = {isa = PBXFileReference; fileEncoding = 4; lastKnownFileType = sourcecode.swift; path = "NSObject+extension.swift"; sourceTree = "<group>"; };
		5C6EE8AD1F467C0500C4CB94 /* BaseProject_Swift.app */ = {isa = PBXFileReference; explicitFileType = wrapper.application; includeInIndex = 0; path = BaseProject_Swift.app; sourceTree = BUILT_PRODUCTS_DIR; };
		5C6EE8B71F467C0500C4CB94 /* Assets.xcassets */ = {isa = PBXFileReference; lastKnownFileType = folder.assetcatalog; path = Assets.xcassets; sourceTree = "<group>"; };
		5C6EE8BA1F467C0500C4CB94 /* Base */ = {isa = PBXFileReference; lastKnownFileType = file.storyboard; name = Base; path = Base.lproj/LaunchScreen.storyboard; sourceTree = "<group>"; };
		5C6EE8BC1F467C0500C4CB94 /* Info.plist */ = {isa = PBXFileReference; lastKnownFileType = text.plist.xml; path = Info.plist; sourceTree = "<group>"; };
		5C6EE8C81F46827800C4CB94 /* AppDelegate.swift */ = {isa = PBXFileReference; fileEncoding = 4; lastKnownFileType = sourcecode.swift; path = AppDelegate.swift; sourceTree = "<group>"; };
		5C6EE8D31F46833900C4CB94 /* OCBridge.h */ = {isa = PBXFileReference; fileEncoding = 4; lastKnownFileType = sourcecode.c.h; path = OCBridge.h; sourceTree = "<group>"; };
		5C6EE8D41F4683EB00C4CB94 /* BaseTabBarController.swift */ = {isa = PBXFileReference; fileEncoding = 4; lastKnownFileType = sourcecode.swift; path = BaseTabBarController.swift; sourceTree = "<group>"; };
		5C6EE8D71F46844400C4CB94 /* UIView+Extension.swift */ = {isa = PBXFileReference; fileEncoding = 4; lastKnownFileType = sourcecode.swift; name = "UIView+Extension.swift"; path = "../../../../SwiftProject/SwiftProject/classes/category/UIView+Extension.swift"; sourceTree = "<group>"; };
		5C6EE8DD1F46847E00C4CB94 /* BaseNavigationController.swift */ = {isa = PBXFileReference; fileEncoding = 4; lastKnownFileType = sourcecode.swift; path = BaseNavigationController.swift; sourceTree = "<group>"; };
		5C6EE8DF1F46849D00C4CB94 /* BaseViewController.swift */ = {isa = PBXFileReference; fileEncoding = 4; lastKnownFileType = sourcecode.swift; path = BaseViewController.swift; sourceTree = "<group>"; };
		5C6EE8E11F4684C200C4CB94 /* TabBar.json */ = {isa = PBXFileReference; fileEncoding = 4; lastKnownFileType = text.json; path = TabBar.json; sourceTree = "<group>"; };
		5C6EE8E31F4684E200C4CB94 /* Bundle+extension.swift */ = {isa = PBXFileReference; fileEncoding = 4; lastKnownFileType = sourcecode.swift; path = "Bundle+extension.swift"; sourceTree = "<group>"; };
		5C6EE8F41F4685C600C4CB94 /* HomeViewController.swift */ = {isa = PBXFileReference; fileEncoding = 4; lastKnownFileType = sourcecode.swift; path = HomeViewController.swift; sourceTree = "<group>"; };
		5C6EE8F61F4685DA00C4CB94 /* MenuViewController.swift */ = {isa = PBXFileReference; fileEncoding = 4; lastKnownFileType = sourcecode.swift; path = MenuViewController.swift; sourceTree = "<group>"; };
		5C6EE8F81F4685E800C4CB94 /* MineViewController.swift */ = {isa = PBXFileReference; fileEncoding = 4; lastKnownFileType = sourcecode.swift; path = MineViewController.swift; sourceTree = "<group>"; };
		5C6EE8FA1F46864F00C4CB94 /* UIColor+Extension.swift */ = {isa = PBXFileReference; fileEncoding = 4; lastKnownFileType = sourcecode.swift; path = "UIColor+Extension.swift"; sourceTree = "<group>"; };
		5C6EE8FC1F4688C300C4CB94 /* NetWorkTools.swift */ = {isa = PBXFileReference; fileEncoding = 4; lastKnownFileType = sourcecode.swift; path = NetWorkTools.swift; sourceTree = "<group>"; };
		5C6EE8FE1F469B3000C4CB94 /* libsqlite3.tbd */ = {isa = PBXFileReference; lastKnownFileType = "sourcecode.text-based-dylib-definition"; name = libsqlite3.tbd; path = usr/lib/libsqlite3.tbd; sourceTree = SDKROOT; };
		5C6EE9021F46BF6F00C4CB94 /* UIAlertController+extension.swift */ = {isa = PBXFileReference; fileEncoding = 4; lastKnownFileType = sourcecode.swift; path = "UIAlertController+extension.swift"; sourceTree = "<group>"; };
		6FA60C17FC7D401ECBA0EBC1 /* Pods_BaseProject_Swift.framework */ = {isa = PBXFileReference; explicitFileType = wrapper.framework; includeInIndex = 0; path = Pods_BaseProject_Swift.framework; sourceTree = BUILT_PRODUCTS_DIR; };
		9C1D2C8EE4BA1AA1175B882E /* Pods-BaseProject_Swift.release.xcconfig */ = {isa = PBXFileReference; includeInIndex = 1; lastKnownFileType = text.xcconfig; name = "Pods-BaseProject_Swift.release.xcconfig"; path = "Pods/Target Support Files/Pods-BaseProject_Swift/Pods-BaseProject_Swift.release.xcconfig"; sourceTree = "<group>"; };
/* End PBXFileReference section */

/* Begin PBXFrameworksBuildPhase section */
		5C6EE8AA1F467C0500C4CB94 /* Frameworks */ = {
			isa = PBXFrameworksBuildPhase;
			buildActionMask = 2147483647;
			files = (
				5C63AD861F4A75D700BB05A6 /* libUMessage_Sdk_1.5.0a.a in Frameworks */,
				5C63AD801F4A741300BB05A6 /* libz.tbd in Frameworks */,
				5C6EE8FF1F469B3000C4CB94 /* libsqlite3.tbd in Frameworks */,
				996D9D6C2201B2000FAF77F4 /* Pods_BaseProject_Swift.framework in Frameworks */,
				5C63AD7E1F4A740300BB05A6 /* UserNotifications.framework in Frameworks */,
			);
			runOnlyForDeploymentPostprocessing = 0;
		};
/* End PBXFrameworksBuildPhase section */

/* Begin PBXGroup section */
		5C63AD831F4A75D700BB05A6 /* UMessage */ = {
			isa = PBXGroup;
			children = (
				5C63AD841F4A75D700BB05A6 /* libUMessage_Sdk_1.5.0a.a */,
				5C63AD851F4A75D700BB05A6 /* UMessage.h */,
			);
			path = UMessage;
			sourceTree = "<group>";
		};
		5C63AD8B1F4AAE3600BB05A6 /* test */ = {
			isa = PBXGroup;
			children = (
				5C63AD8C1F4AAE5300BB05A6 /* TestTableViewController.swift */,
			);
			path = test;
			sourceTree = "<group>";
		};
		5C6EE8A41F467C0500C4CB94 = {
			isa = PBXGroup;
			children = (
				5C6EE8AF1F467C0500C4CB94 /* BaseProject_Swift */,
				5C6EE8AE1F467C0500C4CB94 /* Products */,
				D903CE81C8DE61D6AD9D3E52 /* Pods */,
				775D081BC5F0F0521130C442 /* Frameworks */,
			);
			sourceTree = "<group>";
		};
		5C6EE8AE1F467C0500C4CB94 /* Products */ = {
			isa = PBXGroup;
			children = (
				5C6EE8AD1F467C0500C4CB94 /* BaseProject_Swift.app */,
			);
			name = Products;
			sourceTree = "<group>";
		};
		5C6EE8AF1F467C0500C4CB94 /* BaseProject_Swift */ = {
			isa = PBXGroup;
			children = (
				5C6EE8C31F46827800C4CB94 /* classes */,
				5C6EE8B71F467C0500C4CB94 /* Assets.xcassets */,
				5C6EE8B91F467C0500C4CB94 /* LaunchScreen.storyboard */,
				5C63AD7C1F4A731B00BB05A6 /* BaseProject_Swift.entitlements */,
				5C6EE8BC1F467C0500C4CB94 /* Info.plist */,
			);
			path = BaseProject_Swift;
			sourceTree = "<group>";
		};
		5C6EE8C31F46827800C4CB94 /* classes */ = {
			isa = PBXGroup;
			children = (
				5C63AD8B1F4AAE3600BB05A6 /* test */,
				5C6EE8E51F4685AD00C4CB94 /* home */,
				5C6EE8EA1F4685AD00C4CB94 /* menu */,
				5C6EE8EF1F4685AD00C4CB94 /* profile */,
				5C6EE8D61F46843500C4CB94 /* category */,
				5C6EE8D21F46833900C4CB94 /* config */,
				5C6EE8C41F46827800C4CB94 /* base */,
				5C6EE8C71F46827800C4CB94 /* main */,
				5C6EE8CB1F46827800C4CB94 /* modules */,
				5C6EE8CE1F46827800C4CB94 /* sdk */,
				5C6EE8CF1F46827800C4CB94 /* tools */,
			);
			path = classes;
			sourceTree = "<group>";
		};
		5C6EE8C41F46827800C4CB94 /* base */ = {
			isa = PBXGroup;
			children = (
				5C6EE8D41F4683EB00C4CB94 /* BaseTabBarController.swift */,
				5C6EE8DD1F46847E00C4CB94 /* BaseNavigationController.swift */,
				5C6EE8DF1F46849D00C4CB94 /* BaseViewController.swift */,
				5C1C4E771F46E41F00821B05 /* BaseTableViewController.swift */,
			);
			path = base;
			sourceTree = "<group>";
		};
		5C6EE8C71F46827800C4CB94 /* main */ = {
			isa = PBXGroup;
			children = (
				5C6EE8C81F46827800C4CB94 /* AppDelegate.swift */,
			);
			path = main;
			sourceTree = "<group>";
		};
		5C6EE8CB1F46827800C4CB94 /* modules */ = {
			isa = PBXGroup;
			children = (
				5C6EE8CC1F46827800C4CB94 /* pagerview */,
			);
			path = modules;
			sourceTree = "<group>";
		};
		5C6EE8CC1F46827800C4CB94 /* pagerview */ = {
			isa = PBXGroup;
			children = (
			);
			path = pagerview;
			sourceTree = "<group>";
		};
		5C6EE8CE1F46827800C4CB94 /* sdk */ = {
			isa = PBXGroup;
			children = (
				5C63AD831F4A75D700BB05A6 /* UMessage */,
			);
			path = sdk;
			sourceTree = "<group>";
		};
		5C6EE8CF1F46827800C4CB94 /* tools */ = {
			isa = PBXGroup;
			children = (
				5C6EE8FC1F4688C300C4CB94 /* NetWorkTools.swift */,
				5C1C4E751F46D5F000821B05 /* JSONTools.swift */,
				5C63AD871F4A76A200BB05A6 /* APPTools.swift */,
			);
			path = tools;
			sourceTree = "<group>";
		};
		5C6EE8D21F46833900C4CB94 /* config */ = {
			isa = PBXGroup;
			children = (
				5C63AD891F4A7A0600BB05A6 /* ConfigKey.json */,
				5C6EE8E11F4684C200C4CB94 /* TabBar.json */,
				5C6EE8D31F46833900C4CB94 /* OCBridge.h */,
			);
			path = config;
			sourceTree = "<group>";
		};
		5C6EE8D61F46843500C4CB94 /* category */ = {
			isa = PBXGroup;
			children = (
				5C6EE8FA1F46864F00C4CB94 /* UIColor+Extension.swift */,
				5C6EE8E31F4684E200C4CB94 /* Bundle+extension.swift */,
				5C6EE8D71F46844400C4CB94 /* UIView+Extension.swift */,
				5C6EE9021F46BF6F00C4CB94 /* UIAlertController+extension.swift */,
				5C63AD901F4AD98A00BB05A6 /* NSObject+extension.swift */,
			);
			path = category;
			sourceTree = "<group>";
		};
		5C6EE8E51F4685AD00C4CB94 /* home */ = {
			isa = PBXGroup;
			children = (
				5C6EE8E61F4685AD00C4CB94 /* controller */,
				5C6EE8E71F4685AD00C4CB94 /* model */,
				5C6EE8E81F4685AD00C4CB94 /* view */,
				5C6EE8E91F4685AD00C4CB94 /* viewmodel */,
			);
			path = home;
			sourceTree = "<group>";
		};
		5C6EE8E61F4685AD00C4CB94 /* controller */ = {
			isa = PBXGroup;
			children = (
				5C6EE8F41F4685C600C4CB94 /* HomeViewController.swift */,
			);
			path = controller;
			sourceTree = "<group>";
		};
		5C6EE8E71F4685AD00C4CB94 /* model */ = {
			isa = PBXGroup;
			children = (
			);
			path = model;
			sourceTree = "<group>";
		};
		5C6EE8E81F4685AD00C4CB94 /* view */ = {
			isa = PBXGroup;
			children = (
			);
			path = view;
			sourceTree = "<group>";
		};
		5C6EE8E91F4685AD00C4CB94 /* viewmodel */ = {
			isa = PBXGroup;
			children = (
			);
			path = viewmodel;
			sourceTree = "<group>";
		};
		5C6EE8EA1F4685AD00C4CB94 /* menu */ = {
			isa = PBXGroup;
			children = (
				5C6EE8EB1F4685AD00C4CB94 /* controller */,
				5C6EE8EC1F4685AD00C4CB94 /* model */,
				5C6EE8ED1F4685AD00C4CB94 /* view */,
				5C6EE8EE1F4685AD00C4CB94 /* viewmodel */,
			);
			path = menu;
			sourceTree = "<group>";
		};
		5C6EE8EB1F4685AD00C4CB94 /* controller */ = {
			isa = PBXGroup;
			children = (
				5C6EE8F61F4685DA00C4CB94 /* MenuViewController.swift */,
			);
			path = controller;
			sourceTree = "<group>";
		};
		5C6EE8EC1F4685AD00C4CB94 /* model */ = {
			isa = PBXGroup;
			children = (
			);
			path = model;
			sourceTree = "<group>";
		};
		5C6EE8ED1F4685AD00C4CB94 /* view */ = {
			isa = PBXGroup;
			children = (
			);
			path = view;
			sourceTree = "<group>";
		};
		5C6EE8EE1F4685AD00C4CB94 /* viewmodel */ = {
			isa = PBXGroup;
			children = (
			);
			path = viewmodel;
			sourceTree = "<group>";
		};
		5C6EE8EF1F4685AD00C4CB94 /* profile */ = {
			isa = PBXGroup;
			children = (
				5C6EE8F01F4685AD00C4CB94 /* controller */,
				5C6EE8F11F4685AD00C4CB94 /* model */,
				5C6EE8F21F4685AD00C4CB94 /* view */,
				5C6EE8F31F4685AD00C4CB94 /* viewmodel */,
			);
			path = profile;
			sourceTree = "<group>";
		};
		5C6EE8F01F4685AD00C4CB94 /* controller */ = {
			isa = PBXGroup;
			children = (
				5C6EE8F81F4685E800C4CB94 /* MineViewController.swift */,
			);
			path = controller;
			sourceTree = "<group>";
		};
		5C6EE8F11F4685AD00C4CB94 /* model */ = {
			isa = PBXGroup;
			children = (
			);
			path = model;
			sourceTree = "<group>";
		};
		5C6EE8F21F4685AD00C4CB94 /* view */ = {
			isa = PBXGroup;
			children = (
			);
			path = view;
			sourceTree = "<group>";
		};
		5C6EE8F31F4685AD00C4CB94 /* viewmodel */ = {
			isa = PBXGroup;
			children = (
			);
			path = viewmodel;
			sourceTree = "<group>";
		};
		775D081BC5F0F0521130C442 /* Frameworks */ = {
			isa = PBXGroup;
			children = (
				5C63AD7F1F4A741300BB05A6 /* libz.tbd */,
				5C63AD7D1F4A740300BB05A6 /* UserNotifications.framework */,
				5C6EE8FE1F469B3000C4CB94 /* libsqlite3.tbd */,
				6FA60C17FC7D401ECBA0EBC1 /* Pods_BaseProject_Swift.framework */,
			);
			name = Frameworks;
			sourceTree = "<group>";
		};
		D903CE81C8DE61D6AD9D3E52 /* Pods */ = {
			isa = PBXGroup;
			children = (
				25B3BFF92C11C5ED205BB8CF /* Pods-BaseProject_Swift.debug.xcconfig */,
				9C1D2C8EE4BA1AA1175B882E /* Pods-BaseProject_Swift.release.xcconfig */,
			);
			name = Pods;
			sourceTree = "<group>";
		};
/* End PBXGroup section */

/* Begin PBXNativeTarget section */
		5C6EE8AC1F467C0500C4CB94 /* BaseProject_Swift */ = {
			isa = PBXNativeTarget;
			buildConfigurationList = 5C6EE8BF1F467C0600C4CB94 /* Build configuration list for PBXNativeTarget "BaseProject_Swift" */;
			buildPhases = (
				EC2789471A65E12CF47A03A5 /* [CP] Check Pods Manifest.lock */,
				5C6EE8A91F467C0500C4CB94 /* Sources */,
				5C6EE8AA1F467C0500C4CB94 /* Frameworks */,
				5C6EE8AB1F467C0500C4CB94 /* Resources */,
				68382A4F6B46C9117F818DD0 /* [CP] Embed Pods Frameworks */,
				ED8143138FC2575EE992AB95 /* [CP] Copy Pods Resources */,
			);
			buildRules = (
			);
			dependencies = (
			);
			name = BaseProject_Swift;
			productName = BaseProject_Swift;
			productReference = 5C6EE8AD1F467C0500C4CB94 /* BaseProject_Swift.app */;
			productType = "com.apple.product-type.application";
		};
/* End PBXNativeTarget section */

/* Begin PBXProject section */
		5C6EE8A51F467C0500C4CB94 /* Project object */ = {
			isa = PBXProject;
			attributes = {
				LastSwiftUpdateCheck = 0830;
				LastUpgradeCheck = 0830;
				ORGANIZATIONNAME = "飓风逍遥";
				TargetAttributes = {
					5C6EE8AC1F467C0500C4CB94 = {
						CreatedOnToolsVersion = 8.3.2;
						DevelopmentTeam = MNGFK96N8Q;
						ProvisioningStyle = Automatic;
						SystemCapabilities = {
							com.apple.BackgroundModes = {
								enabled = 1;
							};
							com.apple.Push = {
								enabled = 1;
							};
						};
					};
				};
			};
			buildConfigurationList = 5C6EE8A81F467C0500C4CB94 /* Build configuration list for PBXProject "BaseProject_Swift" */;
			compatibilityVersion = "Xcode 3.2";
			developmentRegion = English;
			hasScannedForEncodings = 0;
			knownRegions = (
				en,
				Base,
			);
			mainGroup = 5C6EE8A41F467C0500C4CB94;
			productRefGroup = 5C6EE8AE1F467C0500C4CB94 /* Products */;
			projectDirPath = "";
			projectRoot = "";
			targets = (
				5C6EE8AC1F467C0500C4CB94 /* BaseProject_Swift */,
			);
		};
/* End PBXProject section */

/* Begin PBXResourcesBuildPhase section */
		5C6EE8AB1F467C0500C4CB94 /* Resources */ = {
			isa = PBXResourcesBuildPhase;
			buildActionMask = 2147483647;
			files = (
				5C6EE8BB1F467C0500C4CB94 /* LaunchScreen.storyboard in Resources */,
				5C63AD8A1F4A7A0600BB05A6 /* ConfigKey.json in Resources */,
				5C6EE8B81F467C0500C4CB94 /* Assets.xcassets in Resources */,
				5C6EE8E21F4684C200C4CB94 /* TabBar.json in Resources */,
			);
			runOnlyForDeploymentPostprocessing = 0;
		};
/* End PBXResourcesBuildPhase section */

/* Begin PBXShellScriptBuildPhase section */
		68382A4F6B46C9117F818DD0 /* [CP] Embed Pods Frameworks */ = {
			isa = PBXShellScriptBuildPhase;
			buildActionMask = 2147483647;
			files = (
			);
			inputPaths = (
				"${SRCROOT}/Pods/Target Support Files/Pods-BaseProject_Swift/Pods-BaseProject_Swift-frameworks.sh",
				"${BUILT_PRODUCTS_DIR}/Alamofire/Alamofire.framework",
				"${BUILT_PRODUCTS_DIR}/FMDB/FMDB.framework",
				"${BUILT_PRODUCTS_DIR}/IQKeyboardManagerSwift/IQKeyboardManagerSwift.framework",
				"${BUILT_PRODUCTS_DIR}/MBProgressHUD/MBProgressHUD.framework",
				"${BUILT_PRODUCTS_DIR}/MJRefresh/MJRefresh.framework",
				"${BUILT_PRODUCTS_DIR}/NinaPagerView/NinaPagerView.framework",
				"${BUILT_PRODUCTS_DIR}/Reachability/Reachability.framework",
				"${BUILT_PRODUCTS_DIR}/SwiftyJSON/SwiftyJSON.framework",
				"${BUILT_PRODUCTS_DIR}/YYModel/YYModel.framework",
			);
			name = "[CP] Embed Pods Frameworks";
			outputPaths = (
				"${TARGET_BUILD_DIR}/${FRAMEWORKS_FOLDER_PATH}/Alamofire.framework",
				"${TARGET_BUILD_DIR}/${FRAMEWORKS_FOLDER_PATH}/FMDB.framework",
				"${TARGET_BUILD_DIR}/${FRAMEWORKS_FOLDER_PATH}/IQKeyboardManagerSwift.framework",
				"${TARGET_BUILD_DIR}/${FRAMEWORKS_FOLDER_PATH}/MBProgressHUD.framework",
				"${TARGET_BUILD_DIR}/${FRAMEWORKS_FOLDER_PATH}/MJRefresh.framework",
				"${TARGET_BUILD_DIR}/${FRAMEWORKS_FOLDER_PATH}/NinaPagerView.framework",
				"${TARGET_BUILD_DIR}/${FRAMEWORKS_FOLDER_PATH}/Reachability.framework",
				"${TARGET_BUILD_DIR}/${FRAMEWORKS_FOLDER_PATH}/SwiftyJSON.framework",
				"${TARGET_BUILD_DIR}/${FRAMEWORKS_FOLDER_PATH}/YYModel.framework",
			);
			runOnlyForDeploymentPostprocessing = 0;
			shellPath = /bin/sh;
			shellScript = "\"${SRCROOT}/Pods/Target Support Files/Pods-BaseProject_Swift/Pods-BaseProject_Swift-frameworks.sh\"\n";
			showEnvVarsInLog = 0;
		};
		EC2789471A65E12CF47A03A5 /* [CP] Check Pods Manifest.lock */ = {
			isa = PBXShellScriptBuildPhase;
			buildActionMask = 2147483647;
			files = (
			);
			inputPaths = (
				"${PODS_PODFILE_DIR_PATH}/Podfile.lock",
				"${PODS_ROOT}/Manifest.lock",
			);
			name = "[CP] Check Pods Manifest.lock";
			outputPaths = (
				"$(DERIVED_FILE_DIR)/Pods-BaseProject_Swift-checkManifestLockResult.txt",
			);
			runOnlyForDeploymentPostprocessing = 0;
			shellPath = /bin/sh;
			shellScript = "diff \"${PODS_PODFILE_DIR_PATH}/Podfile.lock\" \"${PODS_ROOT}/Manifest.lock\" > /dev/null\nif [ $? != 0 ] ; then\n    # print error to STDERR\n    echo \"error: The sandbox is not in sync with the Podfile.lock. Run 'pod install' or update your CocoaPods installation.\" >&2\n    exit 1\nfi\n# This output is used by Xcode 'outputs' to avoid re-running this script phase.\necho \"SUCCESS\" > \"${SCRIPT_OUTPUT_FILE_0}\"\n";
			showEnvVarsInLog = 0;
		};
		ED8143138FC2575EE992AB95 /* [CP] Copy Pods Resources */ = {
			isa = PBXShellScriptBuildPhase;
			buildActionMask = 2147483647;
			files = (
			);
			inputPaths = (
				"${SRCROOT}/Pods/Target Support Files/Pods-BaseProject_Swift/Pods-BaseProject_Swift-resources.sh",
				"${PODS_ROOT}/UMengUShare/UShareSDK/UMSocialSDK/UMSocialSDKPromptResources.bundle",
				"${PODS_ROOT}/UMengUShare/UShareSDK/SocialLibraries/QQ/QQSDK/TencentOpenApi_IOS_Bundle.bundle",
				"${PODS_ROOT}/UMengUShare/UShareSDK/SocialLibraries/Sina/SinaSDK/WeiboSDK.bundle",
				"${PODS_ROOT}/UMengUShare/UShareSDK/UMSocialUI/UMSocialSDKResources.bundle",
			);
			name = "[CP] Copy Pods Resources";
			outputPaths = (
				"${TARGET_BUILD_DIR}/${UNLOCALIZED_RESOURCES_FOLDER_PATH}",
			);
			runOnlyForDeploymentPostprocessing = 0;
			shellPath = /bin/sh;
			shellScript = "\"${SRCROOT}/Pods/Target Support Files/Pods-BaseProject_Swift/Pods-BaseProject_Swift-resources.sh\"\n";
			showEnvVarsInLog = 0;
		};
/* End PBXShellScriptBuildPhase section */

/* Begin PBXSourcesBuildPhase section */
		5C6EE8A91F467C0500C4CB94 /* Sources */ = {
			isa = PBXSourcesBuildPhase;
			buildActionMask = 2147483647;
			files = (
				5C6EE8D11F46827800C4CB94 /* AppDelegate.swift in Sources */,
				5C6EE8F91F4685E800C4CB94 /* MineViewController.swift in Sources */,
				5C6EE8F71F4685DA00C4CB94 /* MenuViewController.swift in Sources */,
				5C1C4E781F46E41F00821B05 /* BaseTableViewController.swift in Sources */,
				5C63AD8D1F4AAE5300BB05A6 /* TestTableViewController.swift in Sources */,
				5C6EE8FB1F46864F00C4CB94 /* UIColor+Extension.swift in Sources */,
				5C6EE8E41F4684E200C4CB94 /* Bundle+extension.swift in Sources */,
				5C63AD911F4AD98A00BB05A6 /* NSObject+extension.swift in Sources */,
				5C6EE9031F46BF6F00C4CB94 /* UIAlertController+extension.swift in Sources */,
				5C6EE8FD1F4688C300C4CB94 /* NetWorkTools.swift in Sources */,
				5C6EE8DE1F46847E00C4CB94 /* BaseNavigationController.swift in Sources */,
				5C1C4E761F46D5F000821B05 /* JSONTools.swift in Sources */,
				5C63AD881F4A76A200BB05A6 /* APPTools.swift in Sources */,
				5C6EE8DA1F46844400C4CB94 /* UIView+Extension.swift in Sources */,
				5C6EE8F51F4685C600C4CB94 /* HomeViewController.swift in Sources */,
				5C6EE8E01F46849D00C4CB94 /* BaseViewController.swift in Sources */,
				5C6EE8D51F4683EB00C4CB94 /* BaseTabBarController.swift in Sources */,
			);
			runOnlyForDeploymentPostprocessing = 0;
		};
/* End PBXSourcesBuildPhase section */

/* Begin PBXVariantGroup section */
		5C6EE8B91F467C0500C4CB94 /* LaunchScreen.storyboard */ = {
			isa = PBXVariantGroup;
			children = (
				5C6EE8BA1F467C0500C4CB94 /* Base */,
			);
			name = LaunchScreen.storyboard;
			sourceTree = "<group>";
		};
/* End PBXVariantGroup section */

/* Begin XCBuildConfiguration section */
		5C6EE8BD1F467C0600C4CB94 /* Debug */ = {
			isa = XCBuildConfiguration;
			buildSettings = {
				ALWAYS_SEARCH_USER_PATHS = NO;
				CLANG_ANALYZER_NONNULL = YES;
				CLANG_ANALYZER_NUMBER_OBJECT_CONVERSION = YES_AGGRESSIVE;
				CLANG_CXX_LANGUAGE_STANDARD = "gnu++0x";
				CLANG_CXX_LIBRARY = "libc++";
				CLANG_ENABLE_MODULES = YES;
				CLANG_ENABLE_OBJC_ARC = YES;
				CLANG_WARN_BOOL_CONVERSION = YES;
				CLANG_WARN_CONSTANT_CONVERSION = YES;
				CLANG_WARN_DIRECT_OBJC_ISA_USAGE = YES_ERROR;
				CLANG_WARN_DOCUMENTATION_COMMENTS = YES;
				CLANG_WARN_EMPTY_BODY = YES;
				CLANG_WARN_ENUM_CONVERSION = YES;
				CLANG_WARN_INFINITE_RECURSION = YES;
				CLANG_WARN_INT_CONVERSION = YES;
				CLANG_WARN_OBJC_ROOT_CLASS = YES_ERROR;
				CLANG_WARN_SUSPICIOUS_MOVE = YES;
				CLANG_WARN_UNREACHABLE_CODE = YES;
				CLANG_WARN__DUPLICATE_METHOD_MATCH = YES;
				"CODE_SIGN_IDENTITY[sdk=iphoneos*]" = "iPhone Developer";
				COPY_PHASE_STRIP = NO;
				DEBUG_INFORMATION_FORMAT = dwarf;
				ENABLE_STRICT_OBJC_MSGSEND = YES;
				ENABLE_TESTABILITY = YES;
				GCC_C_LANGUAGE_STANDARD = gnu99;
				GCC_DYNAMIC_NO_PIC = NO;
				GCC_NO_COMMON_BLOCKS = YES;
				GCC_OPTIMIZATION_LEVEL = 0;
				GCC_PREPROCESSOR_DEFINITIONS = (
					"DEBUG=1",
					"$(inherited)",
				);
				GCC_WARN_64_TO_32_BIT_CONVERSION = YES;
				GCC_WARN_ABOUT_RETURN_TYPE = YES_ERROR;
				GCC_WARN_UNDECLARED_SELECTOR = YES;
				GCC_WARN_UNINITIALIZED_AUTOS = YES_AGGRESSIVE;
				GCC_WARN_UNUSED_FUNCTION = YES;
				GCC_WARN_UNUSED_VARIABLE = YES;
				IPHONEOS_DEPLOYMENT_TARGET = 10.3;
				MTL_ENABLE_DEBUG_INFO = YES;
				ONLY_ACTIVE_ARCH = YES;
				SDKROOT = iphoneos;
				SWIFT_ACTIVE_COMPILATION_CONDITIONS = DEBUG;
				SWIFT_OPTIMIZATION_LEVEL = "-Onone";
			};
			name = Debug;
		};
		5C6EE8BE1F467C0600C4CB94 /* Release */ = {
			isa = XCBuildConfiguration;
			buildSettings = {
				ALWAYS_SEARCH_USER_PATHS = NO;
				CLANG_ANALYZER_NONNULL = YES;
				CLANG_ANALYZER_NUMBER_OBJECT_CONVERSION = YES_AGGRESSIVE;
				CLANG_CXX_LANGUAGE_STANDARD = "gnu++0x";
				CLANG_CXX_LIBRARY = "libc++";
				CLANG_ENABLE_MODULES = YES;
				CLANG_ENABLE_OBJC_ARC = YES;
				CLANG_WARN_BOOL_CONVERSION = YES;
				CLANG_WARN_CONSTANT_CONVERSION = YES;
				CLANG_WARN_DIRECT_OBJC_ISA_USAGE = YES_ERROR;
				CLANG_WARN_DOCUMENTATION_COMMENTS = YES;
				CLANG_WARN_EMPTY_BODY = YES;
				CLANG_WARN_ENUM_CONVERSION = YES;
				CLANG_WARN_INFINITE_RECURSION = YES;
				CLANG_WARN_INT_CONVERSION = YES;
				CLANG_WARN_OBJC_ROOT_CLASS = YES_ERROR;
				CLANG_WARN_SUSPICIOUS_MOVE = YES;
				CLANG_WARN_UNREACHABLE_CODE = YES;
				CLANG_WARN__DUPLICATE_METHOD_MATCH = YES;
				"CODE_SIGN_IDENTITY[sdk=iphoneos*]" = "iPhone Developer";
				COPY_PHASE_STRIP = NO;
				DEBUG_INFORMATION_FORMAT = "dwarf-with-dsym";
				ENABLE_NS_ASSERTIONS = NO;
				ENABLE_STRICT_OBJC_MSGSEND = YES;
				GCC_C_LANGUAGE_STANDARD = gnu99;
				GCC_NO_COMMON_BLOCKS = YES;
				GCC_WARN_64_TO_32_BIT_CONVERSION = YES;
				GCC_WARN_ABOUT_RETURN_TYPE = YES_ERROR;
				GCC_WARN_UNDECLARED_SELECTOR = YES;
				GCC_WARN_UNINITIALIZED_AUTOS = YES_AGGRESSIVE;
				GCC_WARN_UNUSED_FUNCTION = YES;
				GCC_WARN_UNUSED_VARIABLE = YES;
				IPHONEOS_DEPLOYMENT_TARGET = 10.3;
				MTL_ENABLE_DEBUG_INFO = NO;
				SDKROOT = iphoneos;
				SWIFT_OPTIMIZATION_LEVEL = "-Owholemodule";
				VALIDATE_PRODUCT = YES;
			};
			name = Release;
		};
		5C6EE8C01F467C0600C4CB94 /* Debug */ = {
			isa = XCBuildConfiguration;
			baseConfigurationReference = 25B3BFF92C11C5ED205BB8CF /* Pods-BaseProject_Swift.debug.xcconfig */;
			buildSettings = {
				ASSETCATALOG_COMPILER_APPICON_NAME = AppIcon;
				CODE_SIGN_ENTITLEMENTS = BaseProject_Swift/BaseProject_Swift.entitlements;
				DEVELOPMENT_TEAM = MNGFK96N8Q;
				INFOPLIST_FILE = BaseProject_Swift/Info.plist;
				IPHONEOS_DEPLOYMENT_TARGET = 8.0;
				LD_RUNPATH_SEARCH_PATHS = "$(inherited) @executable_path/Frameworks";
				LIBRARY_SEARCH_PATHS = (
					"$(inherited)",
					"$(PROJECT_DIR)/BaseProject_Swift/classes/sdk/UMessage",
				);
				PRODUCT_BUNDLE_IDENTIFIER = com.zxw.jfxy.swift;
				PRODUCT_NAME = "$(TARGET_NAME)";
				SWIFT_OBJC_BRIDGING_HEADER = "$(SRCROOT)/BaseProject_Swift/classes/config/OCBridge.h";
				SWIFT_VERSION = 3.0;
			};
			name = Debug;
		};
		5C6EE8C11F467C0600C4CB94 /* Release */ = {
			isa = XCBuildConfiguration;
			baseConfigurationReference = 9C1D2C8EE4BA1AA1175B882E /* Pods-BaseProject_Swift.release.xcconfig */;
			buildSettings = {
				ASSETCATALOG_COMPILER_APPICON_NAME = AppIcon;
				CODE_SIGN_ENTITLEMENTS = BaseProject_Swift/BaseProject_Swift.entitlements;
				DEVELOPMENT_TEAM = MNGFK96N8Q;
				INFOPLIST_FILE = BaseProject_Swift/Info.plist;
				IPHONEOS_DEPLOYMENT_TARGET = 8.0;
				LD_RUNPATH_SEARCH_PATHS = "$(inherited) @executable_path/Frameworks";
				LIBRARY_SEARCH_PATHS = (
					"$(inherited)",
					"$(PROJECT_DIR)/BaseProject_Swift/classes/sdk/UMessage",
				);
				PRODUCT_BUNDLE_IDENTIFIER = com.zxw.jfxy.swift;
				PRODUCT_NAME = "$(TARGET_NAME)";
				SWIFT_OBJC_BRIDGING_HEADER = "$(SRCROOT)/BaseProject_Swift/classes/config/OCBridge.h";
				SWIFT_VERSION = 3.0;
			};
			name = Release;
		};
/* End XCBuildConfiguration section */

/* Begin XCConfigurationList section */
		5C6EE8A81F467C0500C4CB94 /* Build configuration list for PBXProject "BaseProject_Swift" */ = {
			isa = XCConfigurationList;
			buildConfigurations = (
				5C6EE8BD1F467C0600C4CB94 /* Debug */,
				5C6EE8BE1F467C0600C4CB94 /* Release */,
			);
			defaultConfigurationIsVisible = 0;
			defaultConfigurationName = Release;
		};
		5C6EE8BF1F467C0600C4CB94 /* Build configuration list for PBXNativeTarget "BaseProject_Swift" */ = {
			isa = XCConfigurationList;
			buildConfigurations = (
				5C6EE8C01F467C0600C4CB94 /* Debug */,
				5C6EE8C11F467C0600C4CB94 /* Release */,
			);
			defaultConfigurationIsVisible = 0;
			defaultConfigurationName = Release;
		};
/* End XCConfigurationList section */
	};
	rootObject = 5C6EE8A51F467C0500C4CB94 /* Project object */;
}
